
Microsoft Visual Studio Solution File, Format Version 12.00
# Visual Studio Version 17
VisualStudioVersion = 17.4.33213.308
MinimumVisualStudioVersion = 10.0.40219.1
Project("{FAE04EC0-301F-11D3-BF4B-00C04F79EFBC}") = "ReviewApp", "ReviewApp\ReviewApp.csproj", "{E61EE751-A2F4-43F7-AD37-DA50496916A5}"
EndProject
Global
	GlobalSection(SolutionConfigurationPlatforms) = preSolution
		Debug|Any CPU = Debug|Any CPU
		Release|Any CPU = Release|Any CPU
	EndGlobalSection
	GlobalSection(ProjectConfigurationPlatforms) = postSolution
		{E61EE751-A2F4-43F7-AD37-DA50496916A5}.Debug|Any CPU.ActiveCfg = Debug|Any CPU
		{E61EE751-A2F4-43F7-AD37-DA50496916A5}.Debug|Any CPU.Build.0 = Debug|Any CPU
		{E61EE751-A2F4-43F7-AD37-DA50496916A5}.Release|Any CPU.ActiveCfg = Release|Any CPU
		{E61EE751-A2F4-43F7-AD37-DA50496916A5}.Release|Any CPU.Build.0 = Release|Any CPU
	EndGlobalSection
	GlobalSection(SolutionProperties) = preSolution
		HideSolutionNode = FALSE
	EndGlobalSection
	GlobalSection(ExtensibilityGlobals) = postSolution
		SolutionGuid = {13F28EBC-8854-4014-9CCC-F4FBB108647D}
	EndGlobalSection
EndGlobal
